dependencies:
  espressif/led_strip:
    component_hash: 67d2744208e9c12d8b1992d21c979396c1726e57cb7e35e7c171c515be20f8ea
    source:
      storage_url: file:///C:/Users/janco/Espressif/registry
      type: service
    version: 2.5.3
  idf:
    component_hash: null
    source:
      type: idf
    version: 5.2.1
  joltwallet/littlefs:
    component_hash: 03a21848de65d85a1f914dd6fb9dea5e75e794989d70d185a007e27c3046bb92
    source:
      type: service
    version: 1.14.1
manifest_hash: b276c70ded83ae2ea50feeecb7973fa742c925a204a234434dd028be97684a20
target: esp32c6
version: 1.0.0
